
Microsoft Visual Studio Solution File, Format Version 12.00
# Visual Studio Version 17
VisualStudioVersion = 17.4.32804.182
MinimumVisualStudioVersion = 10.0.40219.1
Project("{FAE04EC0-301F-11D3-BF4B-00C04F79EFBC}") = "CrookedCactusApiSdk", "CrookedCactusApiSdk.csproj", "{512E3DDC-EA86-451B-A373-3A2B772F7A57}"
EndProject
Global
	GlobalSection(SolutionConfigurationPlatforms) = preSolution
		Debug|Any CPU = Debug|Any CPU
		Release|Any CPU = Release|Any CPU
	EndGlobalSection
	GlobalSection(ProjectConfigurationPlatforms) = postSolution
		{512E3DDC-EA86-451B-A373-3A2B772F7A57}.Debug|Any CPU.ActiveCfg = Debug|Any CPU
		{512E3DDC-EA86-451B-A373-3A2B772F7A57}.Debug|Any CPU.Build.0 = Debug|Any CPU
		{512E3DDC-EA86-451B-A373-3A2B772F7A57}.Release|Any CPU.ActiveCfg = Release|Any CPU
		{512E3DDC-EA86-451B-A373-3A2B772F7A57}.Release|Any CPU.Build.0 = Release|Any CPU
	EndGlobalSection
	GlobalSection(SolutionProperties) = preSolution
		HideSolutionNode = FALSE
	EndGlobalSection
	GlobalSection(ExtensibilityGlobals) = postSolution
		SolutionGuid = {B7303821-9B64-4AF5-943E-06A30C4F8FB6}
	EndGlobalSection
EndGlobal
